
Microsoft Visual Studio Solution File, Format Version 12.00
# Visual Studio Version 17
VisualStudioVersion = 17.1.32210.238
MinimumVisualStudioVersion = 10.0.40219.1
Project("{FAE04EC0-301F-11D3-BF4B-00C04F79EFBC}") = "GeradorMapRepository", "GeradorMapRepository.csproj", "{CCD18CFE-3CBF-4E09-9E8F-2635D8E13A6D}"
EndProject
Global
	GlobalSection(SolutionConfigurationPlatforms) = preSolution
		Debug|Any CPU = Debug|Any CPU
		Release|Any CPU = Release|Any CPU
	EndGlobalSection
	GlobalSection(ProjectConfigurationPlatforms) = postSolution
		{CCD18CFE-3CBF-4E09-9E8F-2635D8E13A6D}.Debug|Any CPU.ActiveCfg = Debug|Any CPU
		{CCD18CFE-3CBF-4E09-9E8F-2635D8E13A6D}.Debug|Any CPU.Build.0 = Debug|Any CPU
		{CCD18CFE-3CBF-4E09-9E8F-2635D8E13A6D}.Release|Any CPU.ActiveCfg = Release|Any CPU
		{CCD18CFE-3CBF-4E09-9E8F-2635D8E13A6D}.Release|Any CPU.Build.0 = Release|Any CPU
	EndGlobalSection
	GlobalSection(SolutionProperties) = preSolution
		HideSolutionNode = FALSE
	EndGlobalSection
	GlobalSection(ExtensibilityGlobals) = postSolution
		SolutionGuid = {555A2B8A-AB97-4A0D-BAB7-D64B83486198}
	EndGlobalSection
EndGlobal
